{
  "name": "geektime-bootcamp-ai",
  "version": "1.0.0",
  "lockfileVersion": 3,
  "requires": true,
  "packages": {
    "": {
      "name": "geektime-bootcamp-ai",
      "version": "1.0.0",
      "license": "ISC",
      "devDependencies": {
        "@playwright/mcp": "^0.0.53"
      }
    },
    "node_modules/@playwright/mcp": {
      "version": "0.0.53",
      "resolved": "https://registry.npmjs.org/@playwright/mcp/-/mcp-0.0.53.tgz",
      "integrity": "sha512-3nLsKMEAsQRV7FBoxvhEVOyKxVHt2E/S5Xe4zK5Z/nkqlqd/gFCtu79NlOTrODRNkjtMP8WKenOB31JigEBxoA==",
      "dev": true,
      "dependencies": {
        "playwright": "1.58.0-alpha-1766189059000",
        "playwright-core": "1.58.0-alpha-1766189059000"
      },
      "bin": {
        "mcp-server-playwright": "cli.js"
      },
      "engines": {
        "node": ">=18"
      }
    },
    "node_modules/fsevents": {
      "version": "2.3.2",
      "resolved": "https://registry.npmjs.org/fsevents/-/fsevents-2.3.2.tgz",
      "integrity": "sha512-xiqMQR4xAeHTuB9uWm+fFRcIOgKBMiOBP+eXiyT7jsgVCq1bkVygt00oASowB7EdtpOHaaPgKt812P9ab+DDKA==",
      "dev": true,
      "hasInstallScript": true,
      "optional": true,
      "os": [
        "darwin"
      ],
      "engines": {
        "node": "^8.16.0 || ^10.6.0 || >=11.0.0"
      }
    },
    "node_modules/playwright": {
      "version": "1.58.0-alpha-1766189059000",
      "resolved": "https://registry.npmjs.org/playwright/-/playwright-1.58.0-alpha-1766189059000.tgz",
      "integrity": "sha512-h6yaIbcmyla/fh9jvvRBgVRMgwSmloKnCR4NDnVV18vqi1i5F4xqe3tGtgwHmkah9CJdQhhbZlTBIkY73q6+Xw==",
      "dev": true,
      "dependencies": {
        "playwright-core": "1.58.0-alpha-1766189059000"
      },
      "bin": {
        "playwright": "cli.js"
      },
      "engines": {
        "node": ">=18"
      },
      "optionalDependencies": {
        "fsevents": "2.3.2"
      }
    },
    "node_modules/playwright-core": {
      "version": "1.58.0-alpha-1766189059000",
      "resolved": "https://registry.npmjs.org/playwright-core/-/playwright-core-1.58.0-alpha-1766189059000.tgz",
      "integrity": "sha512-TzOav4UONfbqB0U1I75RrcvOGdJ1icVam2/lje1Lok/D9lX9iJjBLGB4FqNgFqaIgeOqI1hpHY8nMfA82JqJtg==",
      "dev": true,
      "bin": {
        "playwright-core": "cli.js"
      },
      "engines": {
        "node": ">=18"
      }
    }
  }
}
